// !$*UTF8*$!
{
	archiveVersion = 1;
	classes = {
	};
	objectVersion = 56;
	objects = {

/* Begin PBXBuildFile section */
		F2BAA313297CB10D0074F1AC /* MovieMatcherApp.swift in Sources */ = {isa = PBXBuildFile; fileRef = F2BAA312297CB10D0074F1AC /* MovieMatcherApp.swift */; };
		F2BAA315297CB10D0074F1AC /* ContentView.swift in Sources */ = {isa = PBXBuildFile; fileRef = F2BAA314297CB10D0074F1AC /* ContentView.swift */; };
		F2BAA317297CB10F0074F1AC /* Assets.xcassets in Resources */ = {isa = PBXBuildFile; fileRef = F2BAA316297CB10F0074F1AC /* Assets.xcassets */; };
		F2BAA31A297CB10F0074F1AC /* Preview Assets.xcassets in Resources */ = {isa = PBXBuildFile; fileRef = F2BAA319297CB10F0074F1AC /* Preview Assets.xcassets */; };
		F2BAA323297CB1670074F1AC /* TicketView.swift in Sources */ = {isa = PBXBuildFile; fileRef = F2BAA322297CB1670074F1AC /* TicketView.swift */; };
		F2BAA325297CB18D0074F1AC /* HomeView.swift in Sources */ = {isa = PBXBuildFile; fileRef = F2BAA324297CB18D0074F1AC /* HomeView.swift */; };
		F2BAA327297CB1AC0074F1AC /* BookingView.swift in Sources */ = {isa = PBXBuildFile; fileRef = F2BAA326297CB1AC0074F1AC /* BookingView.swift */; };
		F2BAA329297CB1C40074F1AC /* SeatsView.swift in Sources */ = {isa = PBXBuildFile; fileRef = F2BAA328297CB1C40074F1AC /* SeatsView.swift */; };
		F2BAA32C297CB1EA0074F1AC /* TimeButton.swift in Sources */ = {isa = PBXBuildFile; fileRef = F2BAA32B297CB1EA0074F1AC /* TimeButton.swift */; };
		F2BAA32E297CB1F80074F1AC /* DateButton.swift in Sources */ = {isa = PBXBuildFile; fileRef = F2BAA32D297CB1F80074F1AC /* DateButton.swift */; };
		F2BAA330297CB2110074F1AC /* CircleButton.swift in Sources */ = {isa = PBXBuildFile; fileRef = F2BAA32F297CB2110074F1AC /* CircleButton.swift */; };
		F2BAA332297CB2240074F1AC /* RoundButton.swift in Sources */ = {isa = PBXBuildFile; fileRef = F2BAA331297CB2240074F1AC /* RoundButton.swift */; };
		F2BAA334297CB23D0074F1AC /* LargeButton.swift in Sources */ = {isa = PBXBuildFile; fileRef = F2BAA333297CB23D0074F1AC /* LargeButton.swift */; };
		F2BAA339297CB2670074F1AC /* TicketData.swift in Sources */ = {isa = PBXBuildFile; fileRef = F2BAA338297CB2670074F1AC /* TicketData.swift */; };
		F2BAA33B297CB2860074F1AC /* PosterData.swift in Sources */ = {isa = PBXBuildFile; fileRef = F2BAA33A297CB2860074F1AC /* PosterData.swift */; };
		F2BAA33D297CB2990074F1AC /* TabData.swift in Sources */ = {isa = PBXBuildFile; fileRef = F2BAA33C297CB2990074F1AC /* TabData.swift */; };
		F2BAA340297CB2E30074F1AC /* CircleBackground.swift in Sources */ = {isa = PBXBuildFile; fileRef = F2BAA33F297CB2E30074F1AC /* CircleBackground.swift */; };
		F2BAA342297CB2F50074F1AC /* StatusUI.swift in Sources */ = {isa = PBXBuildFile; fileRef = F2BAA341297CB2F50074F1AC /* StatusUI.swift */; };
		F2BAA344297CB30A0074F1AC /* CustomTabBar.swift in Sources */ = {isa = PBXBuildFile; fileRef = F2BAA343297CB30A0074F1AC /* CustomTabBar.swift */; };
		F2BAA346297CB3210074F1AC /* CustomSearchBar.swift in Sources */ = {isa = PBXBuildFile; fileRef = F2BAA345297CB3210074F1AC /* CustomSearchBar.swift */; };
		F2BAA348297CB3350074F1AC /* ScrollSection.swift in Sources */ = {isa = PBXBuildFile; fileRef = F2BAA347297CB3350074F1AC /* ScrollSection.swift */; };
		F2BAA34B297CB3500074F1AC /* Ticket.swift in Sources */ = {isa = PBXBuildFile; fileRef = F2BAA34A297CB3500074F1AC /* Ticket.swift */; };
		F2BAA34D297CB3650074F1AC /* Tickets.swift in Sources */ = {isa = PBXBuildFile; fileRef = F2BAA34C297CB3650074F1AC /* Tickets.swift */; };
		F2BAA34F297CB3D20074F1AC /* utils.swift in Sources */ = {isa = PBXBuildFile; fileRef = F2BAA34E297CB3D20074F1AC /* utils.swift */; };
/* End PBXBuildFile section */

/* Begin PBXFileReference section */
		F2BAA30F297CB10D0074F1AC /* MovieMatcher.app */ = {isa = PBXFileReference; explicitFileType = wrapper.application; includeInIndex = 0; path = MovieMatcher.app; sourceTree = BUILT_PRODUCTS_DIR; };
		F2BAA312297CB10D0074F1AC /* MovieMatcherApp.swift */ = {isa = PBXFileReference; lastKnownFileType = sourcecode.swift; path = MovieMatcherApp.swift; sourceTree = "<group>"; };
		F2BAA314297CB10D0074F1AC /* ContentView.swift */ = {isa = PBXFileReference; lastKnownFileType = sourcecode.swift; path = ContentView.swift; sourceTree = "<group>"; };
		F2BAA316297CB10F0074F1AC /* Assets.xcassets */ = {isa = PBXFileReference; lastKnownFileType = folder.assetcatalog; path = Assets.xcassets; sourceTree = "<group>"; };
		F2BAA319297CB10F0074F1AC /* Preview Assets.xcassets */ = {isa = PBXFileReference; lastKnownFileType = folder.assetcatalog; path = "Preview Assets.xcassets"; sourceTree = "<group>"; };
		F2BAA322297CB1670074F1AC /* TicketView.swift */ = {isa = PBXFileReference; lastKnownFileType = sourcecode.swift; path = TicketView.swift; sourceTree = "<group>"; };
		F2BAA324297CB18D0074F1AC /* HomeView.swift */ = {isa = PBXFileReference; lastKnownFileType = sourcecode.swift; path = HomeView.swift; sourceTree = "<group>"; };
		F2BAA326297CB1AC0074F1AC /* BookingView.swift */ = {isa = PBXFileReference; lastKnownFileType = sourcecode.swift; path = BookingView.swift; sourceTree = "<group>"; };
		F2BAA328297CB1C40074F1AC /* SeatsView.swift */ = {isa = PBXFileReference; lastKnownFileType = sourcecode.swift; path = SeatsView.swift; sourceTree = "<group>"; };
		F2BAA32B297CB1EA0074F1AC /* TimeButton.swift */ = {isa = PBXFileReference; lastKnownFileType = sourcecode.swift; path = TimeButton.swift; sourceTree = "<group>"; };
		F2BAA32D297CB1F80074F1AC /* DateButton.swift */ = {isa = PBXFileReference; lastKnownFileType = sourcecode.swift; path = DateButton.swift; sourceTree = "<group>"; };
		F2BAA32F297CB2110074F1AC /* CircleButton.swift */ = {isa = PBXFileReference; lastKnownFileType = sourcecode.swift; path = CircleButton.swift; sourceTree = "<group>"; };
		F2BAA331297CB2240074F1AC /* RoundButton.swift */ = {isa = PBXFileReference; lastKnownFileType = sourcecode.swift; path = RoundButton.swift; sourceTree = "<group>"; };
		F2BAA333297CB23D0074F1AC /* LargeButton.swift */ = {isa = PBXFileReference; lastKnownFileType = sourcecode.swift; path = LargeButton.swift; sourceTree = "<group>"; };
		F2BAA338297CB2670074F1AC /* TicketData.swift */ = {isa = PBXFileReference; lastKnownFileType = sourcecode.swift; path = TicketData.swift; sourceTree = "<group>"; };
		F2BAA33A297CB2860074F1AC /* PosterData.swift */ = {isa = PBXFileReference; lastKnownFileType = sourcecode.swift; path = PosterData.swift; sourceTree = "<group>"; };
		F2BAA33C297CB2990074F1AC /* TabData.swift */ = {isa = PBXFileReference; lastKnownFileType = sourcecode.swift; path = TabData.swift; sourceTree = "<group>"; };
		F2BAA33F297CB2E30074F1AC /* CircleBackground.swift */ = {isa = PBXFileReference; lastKnownFileType = sourcecode.swift; path = CircleBackground.swift; sourceTree = "<group>"; };
		F2BAA341297CB2F50074F1AC /* StatusUI.swift */ = {isa = PBXFileReference; lastKnownFileType = sourcecode.swift; path = StatusUI.swift; sourceTree = "<group>"; };
		F2BAA343297CB30A0074F1AC /* CustomTabBar.swift */ = {isa = PBXFileReference; lastKnownFileType = sourcecode.swift; path = CustomTabBar.swift; sourceTree = "<group>"; };
		F2BAA345297CB3210074F1AC /* CustomSearchBar.swift */ = {isa = PBXFileReference; lastKnownFileType = sourcecode.swift; path = CustomSearchBar.swift; sourceTree = "<group>"; };
		F2BAA347297CB3350074F1AC /* ScrollSection.swift */ = {isa = PBXFileReference; lastKnownFileType = sourcecode.swift; path = ScrollSection.swift; sourceTree = "<group>"; };
		F2BAA34A297CB3500074F1AC /* Ticket.swift */ = {isa = PBXFileReference; lastKnownFileType = sourcecode.swift; path = Ticket.swift; sourceTree = "<group>"; };
		F2BAA34C297CB3650074F1AC /* Tickets.swift */ = {isa = PBXFileReference; lastKnownFileType = sourcecode.swift; path = Tickets.swift; sourceTree = "<group>"; };
		F2BAA34E297CB3D20074F1AC /* utils.swift */ = {isa = PBXFileReference; lastKnownFileType = sourcecode.swift; path = utils.swift; sourceTree = "<group>"; };
/* End PBXFileReference section */

/* Begin PBXFrameworksBuildPhase section */
		F2BAA30C297CB10D0074F1AC /* Frameworks */ = {
			isa = PBXFrameworksBuildPhase;
			buildActionMask = 2147483647;
			files = (
			);
			runOnlyForDeploymentPostprocessing = 0;
		};
/* End PBXFrameworksBuildPhase section */

/* Begin PBXGroup section */
		F2BAA306297CB10D0074F1AC = {
			isa = PBXGroup;
			children = (
				F2BAA311297CB10D0074F1AC /* MovieMatcher */,
				F2BAA310297CB10D0074F1AC /* Products */,
			);
			sourceTree = "<group>";
		};
		F2BAA310297CB10D0074F1AC /* Products */ = {
			isa = PBXGroup;
			children = (
				F2BAA30F297CB10D0074F1AC /* MovieMatcher.app */,
			);
			name = Products;
			sourceTree = "<group>";
		};
		F2BAA311297CB10D0074F1AC /* MovieMatcher */ = {
			isa = PBXGroup;
			children = (
				F2BAA312297CB10D0074F1AC /* MovieMatcherApp.swift */,
				F2BAA314297CB10D0074F1AC /* ContentView.swift */,
				F2BAA349297CB33F0074F1AC /* Cards */,
				F2BAA33E297CB2AA0074F1AC /* UI */,
				F2BAA337297CB25A0074F1AC /* Data */,
				F2BAA32A297CB1D60074F1AC /* Buttons */,
				F2BAA320297CB11A0074F1AC /* Views */,
				F2BAA316297CB10F0074F1AC /* Assets.xcassets */,
				F2BAA318297CB10F0074F1AC /* Preview Content */,
				F2BAA34E297CB3D20074F1AC /* utils.swift */,
			);
			path = MovieMatcher;
			sourceTree = "<group>";
		};
		F2BAA318297CB10F0074F1AC /* Preview Content */ = {
			isa = PBXGroup;
			children = (
				F2BAA319297CB10F0074F1AC /* Preview Assets.xcassets */,
			);
			path = "Preview Content";
			sourceTree = "<group>";
		};
		F2BAA320297CB11A0074F1AC /* Views */ = {
			isa = PBXGroup;
			children = (
				F2BAA322297CB1670074F1AC /* TicketView.swift */,
				F2BAA324297CB18D0074F1AC /* HomeView.swift */,
				F2BAA326297CB1AC0074F1AC /* BookingView.swift */,
				F2BAA328297CB1C40074F1AC /* SeatsView.swift */,
			);
			path = Views;
			sourceTree = "<group>";
		};
		F2BAA32A297CB1D60074F1AC /* Buttons */ = {
			isa = PBXGroup;
			children = (
				F2BAA32B297CB1EA0074F1AC /* TimeButton.swift */,
				F2BAA32D297CB1F80074F1AC /* DateButton.swift */,
				F2BAA32F297CB2110074F1AC /* CircleButton.swift */,
				F2BAA331297CB2240074F1AC /* RoundButton.swift */,
				F2BAA333297CB23D0074F1AC /* LargeButton.swift */,
			);
			path = Buttons;
			sourceTree = "<group>";
		};
		F2BAA337297CB25A0074F1AC /* Data */ = {
			isa = PBXGroup;
			children = (
				F2BAA338297CB2670074F1AC /* TicketData.swift */,
				F2BAA33A297CB2860074F1AC /* PosterData.swift */,
				F2BAA33C297CB2990074F1AC /* TabData.swift */,
			);
			path = Data;
			sourceTree = "<group>";
		};
		F2BAA33E297CB2AA0074F1AC /* UI */ = {
			isa = PBXGroup;
			children = (
				F2BAA33F297CB2E30074F1AC /* CircleBackground.swift */,
				F2BAA341297CB2F50074F1AC /* StatusUI.swift */,
				F2BAA343297CB30A0074F1AC /* CustomTabBar.swift */,
				F2BAA345297CB3210074F1AC /* CustomSearchBar.swift */,
				F2BAA347297CB3350074F1AC /* ScrollSection.swift */,
			);
			path = UI;
			sourceTree = "<group>";
		};
		F2BAA349297CB33F0074F1AC /* Cards */ = {
			isa = PBXGroup;
			children = (
				F2BAA34A297CB3500074F1AC /* Ticket.swift */,
				F2BAA34C297CB3650074F1AC /* Tickets.swift */,
			);
			path = Cards;
			sourceTree = "<group>";
		};
/* End PBXGroup section */

/* Begin PBXNativeTarget section */
		F2BAA30E297CB10D0074F1AC /* MovieMatcher */ = {
			isa = PBXNativeTarget;
			buildConfigurationList = F2BAA31D297CB10F0074F1AC /* Build configuration list for PBXNativeTarget "MovieMatcher" */;
			buildPhases = (
				F2BAA30B297CB10D0074F1AC /* Sources */,
				F2BAA30C297CB10D0074F1AC /* Frameworks */,
				F2BAA30D297CB10D0074F1AC /* Resources */,
			);
			buildRules = (
			);
			dependencies = (
			);
			name = MovieMatcher;
			productName = MovieMatcher;
			productReference = F2BAA30F297CB10D0074F1AC /* MovieMatcher.app */;
			productType = "com.apple.product-type.application";
		};
/* End PBXNativeTarget section */

/* Begin PBXProject section */
		F2BAA307297CB10D0074F1AC /* Project object */ = {
			isa = PBXProject;
			attributes = {
				BuildIndependentTargetsInParallel = 1;
				LastSwiftUpdateCheck = 1420;
				LastUpgradeCheck = 1420;
				TargetAttributes = {
					F2BAA30E297CB10D0074F1AC = {
						CreatedOnToolsVersion = 14.2;
					};
				};
			};
			buildConfigurationList = F2BAA30A297CB10D0074F1AC /* Build configuration list for PBXProject "MovieMatcher" */;
			compatibilityVersion = "Xcode 14.0";
			developmentRegion = en;
			hasScannedForEncodings = 0;
			knownRegions = (
				en,
				Base,
			);
			mainGroup = F2BAA306297CB10D0074F1AC;
			productRefGroup = F2BAA310297CB10D0074F1AC /* Products */;
			projectDirPath = "";
			projectRoot = "";
			targets = (
				F2BAA30E297CB10D0074F1AC /* MovieMatcher */,
			);
		};
/* End PBXProject section */

/* Begin PBXResourcesBuildPhase section */
		F2BAA30D297CB10D0074F1AC /* Resources */ = {
			isa = PBXResourcesBuildPhase;
			buildActionMask = 2147483647;
			files = (
				F2BAA31A297CB10F0074F1AC /* Preview Assets.xcassets in Resources */,
				F2BAA317297CB10F0074F1AC /* Assets.xcassets in Resources */,
			);
			runOnlyForDeploymentPostprocessing = 0;
		};
/* End PBXResourcesBuildPhase section */

/* Begin PBXSourcesBuildPhase section */
		F2BAA30B297CB10D0074F1AC /* Sources */ = {
			isa = PBXSourcesBuildPhase;
			buildActionMask = 2147483647;
			files = (
				F2BAA323297CB1670074F1AC /* TicketView.swift in Sources */,
				F2BAA34F297CB3D20074F1AC /* utils.swift in Sources */,
				F2BAA334297CB23D0074F1AC /* LargeButton.swift in Sources */,
				F2BAA329297CB1C40074F1AC /* SeatsView.swift in Sources */,
				F2BAA325297CB18D0074F1AC /* HomeView.swift in Sources */,
				F2BAA330297CB2110074F1AC /* CircleButton.swift in Sources */,
				F2BAA315297CB10D0074F1AC /* ContentView.swift in Sources */,
				F2BAA32C297CB1EA0074F1AC /* TimeButton.swift in Sources */,
				F2BAA34B297CB3500074F1AC /* Ticket.swift in Sources */,
				F2BAA33D297CB2990074F1AC /* TabData.swift in Sources */,
				F2BAA344297CB30A0074F1AC /* CustomTabBar.swift in Sources */,
				F2BAA332297CB2240074F1AC /* RoundButton.swift in Sources */,
				F2BAA32E297CB1F80074F1AC /* DateButton.swift in Sources */,
				F2BAA339297CB2670074F1AC /* TicketData.swift in Sources */,
				F2BAA34D297CB3650074F1AC /* Tickets.swift in Sources */,
				F2BAA342297CB2F50074F1AC /* StatusUI.swift in Sources */,
				F2BAA33B297CB2860074F1AC /* PosterData.swift in Sources */,
				F2BAA346297CB3210074F1AC /* CustomSearchBar.swift in Sources */,
				F2BAA340297CB2E30074F1AC /* CircleBackground.swift in Sources */,
				F2BAA313297CB10D0074F1AC /* MovieMatcherApp.swift in Sources */,
				F2BAA327297CB1AC0074F1AC /* BookingView.swift in Sources */,
				F2BAA348297CB3350074F1AC /* ScrollSection.swift in Sources */,
			);
			runOnlyForDeploymentPostprocessing = 0;
		};
/* End PBXSourcesBuildPhase section */

/* Begin XCBuildConfiguration section */
		F2BAA31B297CB10F0074F1AC /* Debug */ = {
			isa = XCBuildConfiguration;
			buildSettings = {
				ALWAYS_SEARCH_USER_PATHS = NO;
				CLANG_ANALYZER_NONNULL = YES;
				CLANG_ANALYZER_NUMBER_OBJECT_CONVERSION = YES_AGGRESSIVE;
				CLANG_CXX_LANGUAGE_STANDARD = "gnu++20";
				CLANG_ENABLE_MODULES = YES;
				CLANG_ENABLE_OBJC_ARC = YES;
				CLANG_ENABLE_OBJC_WEAK = YES;
				CLANG_WARN_BLOCK_CAPTURE_AUTORELEASING = YES;
				CLANG_WARN_BOOL_CONVERSION = YES;
				CLANG_WARN_COMMA = YES;
				CLANG_WARN_CONSTANT_CONVERSION = YES;
				CLANG_WARN_DEPRECATED_OBJC_IMPLEMENTATIONS = YES;
				CLANG_WARN_DIRECT_OBJC_ISA_USAGE = YES_ERROR;
				CLANG_WARN_DOCUMENTATION_COMMENTS = YES;
				CLANG_WARN_EMPTY_BODY = YES;
				CLANG_WARN_ENUM_CONVERSION = YES;
				CLANG_WARN_INFINITE_RECURSION = YES;
				CLANG_WARN_INT_CONVERSION = YES;
				CLANG_WARN_NON_LITERAL_NULL_CONVERSION = YES;
				CLANG_WARN_OBJC_IMPLICIT_RETAIN_SELF = YES;
				CLANG_WARN_OBJC_LITERAL_CONVERSION = YES;
				CLANG_WARN_OBJC_ROOT_CLASS = YES_ERROR;
				CLANG_WARN_QUOTED_INCLUDE_IN_FRAMEWORK_HEADER = YES;
				CLANG_WARN_RANGE_LOOP_ANALYSIS = YES;
				CLANG_WARN_STRICT_PROTOTYPES = YES;
				CLANG_WARN_SUSPICIOUS_MOVE = YES;
				CLANG_WARN_UNGUARDED_AVAILABILITY = YES_AGGRESSIVE;
				CLANG_WARN_UNREACHABLE_CODE = YES;
				CLANG_WARN__DUPLICATE_METHOD_MATCH = YES;
				COPY_PHASE_STRIP = NO;
				DEBUG_INFORMATION_FORMAT = dwarf;
				ENABLE_STRICT_OBJC_MSGSEND = YES;
				ENABLE_TESTABILITY = YES;
				GCC_C_LANGUAGE_STANDARD = gnu11;
				GCC_DYNAMIC_NO_PIC = NO;
				GCC_NO_COMMON_BLOCKS = YES;
				GCC_OPTIMIZATION_LEVEL = 0;
				GCC_PREPROCESSOR_DEFINITIONS = (
					"DEBUG=1",
					"$(inherited)",
				);
				GCC_WARN_64_TO_32_BIT_CONVERSION = YES;
				GCC_WARN_ABOUT_RETURN_TYPE = YES_ERROR;
				GCC_WARN_UNDECLARED_SELECTOR = YES;
				GCC_WARN_UNINITIALIZED_AUTOS = YES_AGGRESSIVE;
				GCC_WARN_UNUSED_FUNCTION = YES;
				GCC_WARN_UNUSED_VARIABLE = YES;
				IPHONEOS_DEPLOYMENT_TARGET = 16.2;
				MTL_ENABLE_DEBUG_INFO = INCLUDE_SOURCE;
				MTL_FAST_MATH = YES;
				ONLY_ACTIVE_ARCH = YES;
				SDKROOT = iphoneos;
				SWIFT_ACTIVE_COMPILATION_CONDITIONS = DEBUG;
				SWIFT_OPTIMIZATION_LEVEL = "-Onone";
			};
			name = Debug;
		};
		F2BAA31C297CB10F0074F1AC /* Release */ = {
			isa = XCBuildConfiguration;
			buildSettings = {
				ALWAYS_SEARCH_USER_PATHS = NO;
				CLANG_ANALYZER_NONNULL = YES;
				CLANG_ANALYZER_NUMBER_OBJECT_CONVERSION = YES_AGGRESSIVE;
				CLANG_CXX_LANGUAGE_STANDARD = "gnu++20";
				CLANG_ENABLE_MODULES = YES;
				CLANG_ENABLE_OBJC_ARC = YES;
				CLANG_ENABLE_OBJC_WEAK = YES;
				CLANG_WARN_BLOCK_CAPTURE_AUTORELEASING = YES;
				CLANG_WARN_BOOL_CONVERSION = YES;
				CLANG_WARN_COMMA = YES;
				CLANG_WARN_CONSTANT_CONVERSION = YES;
				CLANG_WARN_DEPRECATED_OBJC_IMPLEMENTATIONS = YES;
				CLANG_WARN_DIRECT_OBJC_ISA_USAGE = YES_ERROR;
				CLANG_WARN_DOCUMENTATION_COMMENTS = YES;
				CLANG_WARN_EMPTY_BODY = YES;
				CLANG_WARN_ENUM_CONVERSION = YES;
				CLANG_WARN_INFINITE_RECURSION = YES;
				CLANG_WARN_INT_CONVERSION = YES;
				CLANG_WARN_NON_LITERAL_NULL_CONVERSION = YES;
				CLANG_WARN_OBJC_IMPLICIT_RETAIN_SELF = YES;
				CLANG_WARN_OBJC_LITERAL_CONVERSION = YES;
				CLANG_WARN_OBJC_ROOT_CLASS = YES_ERROR;
				CLANG_WARN_QUOTED_INCLUDE_IN_FRAMEWORK_HEADER = YES;
				CLANG_WARN_RANGE_LOOP_ANALYSIS = YES;
				CLANG_WARN_STRICT_PROTOTYPES = YES;
				CLANG_WARN_SUSPICIOUS_MOVE = YES;
				CLANG_WARN_UNGUARDED_AVAILABILITY = YES_AGGRESSIVE;
				CLANG_WARN_UNREACHABLE_CODE = YES;
				CLANG_WARN__DUPLICATE_METHOD_MATCH = YES;
				COPY_PHASE_STRIP = NO;
				DEBUG_INFORMATION_FORMAT = "dwarf-with-dsym";
				ENABLE_NS_ASSERTIONS = NO;
				ENABLE_STRICT_OBJC_MSGSEND = YES;
				GCC_C_LANGUAGE_STANDARD = gnu11;
				GCC_NO_COMMON_BLOCKS = YES;
				GCC_WARN_64_TO_32_BIT_CONVERSION = YES;
				GCC_WARN_ABOUT_RETURN_TYPE = YES_ERROR;
				GCC_WARN_UNDECLARED_SELECTOR = YES;
				GCC_WARN_UNINITIALIZED_AUTOS = YES_AGGRESSIVE;
				GCC_WARN_UNUSED_FUNCTION = YES;
				GCC_WARN_UNUSED_VARIABLE = YES;
				IPHONEOS_DEPLOYMENT_TARGET = 16.2;
				MTL_ENABLE_DEBUG_INFO = NO;
				MTL_FAST_MATH = YES;
				SDKROOT = iphoneos;
				SWIFT_COMPILATION_MODE = wholemodule;
				SWIFT_OPTIMIZATION_LEVEL = "-O";
				VALIDATE_PRODUCT = YES;
			};
			name = Release;
		};
		F2BAA31E297CB10F0074F1AC /* Debug */ = {
			isa = XCBuildConfiguration;
			buildSettings = {
				ASSETCATALOG_COMPILER_APPICON_NAME = AppIcon;
				ASSETCATALOG_COMPILER_GLOBAL_ACCENT_COLOR_NAME = AccentColor;
				CODE_SIGN_STYLE = Automatic;
				CURRENT_PROJECT_VERSION = 1;
				DEVELOPMENT_ASSET_PATHS = "\"MovieMatcher/Preview Content\"";
				DEVELOPMENT_TEAM = 8W3WXR362E;
				ENABLE_PREVIEWS = YES;
				GENERATE_INFOPLIST_FILE = YES;
				INFOPLIST_KEY_UIApplicationSceneManifest_Generation = YES;
				INFOPLIST_KEY_UIApplicationSupportsIndirectInputEvents = YES;
				INFOPLIST_KEY_UILaunchScreen_Generation = YES;
				INFOPLIST_KEY_UISupportedInterfaceOrientations_iPad = "UIInterfaceOrientationPortrait UIInterfaceOrientationPortraitUpsideDown UIInterfaceOrientationLandscapeLeft UIInterfaceOrientationLandscapeRight";
				INFOPLIST_KEY_UISupportedInterfaceOrientations_iPhone = "UIInterfaceOrientationPortrait UIInterfaceOrientationLandscapeLeft UIInterfaceOrientationLandscapeRight";
				LD_RUNPATH_SEARCH_PATHS = (
					"$(inherited)",
					"@executable_path/Frameworks",
				);
				MARKETING_VERSION = 1.0;
				PRODUCT_BUNDLE_IDENTIFIER = com.JRApps.MovieMatcher;
				PRODUCT_NAME = "$(TARGET_NAME)";
				SWIFT_EMIT_LOC_STRINGS = YES;
				SWIFT_VERSION = 5.0;
				TARGETED_DEVICE_FAMILY = "1,2";
			};
			name = Debug;
		};
		F2BAA31F297CB10F0074F1AC /* Release */ = {
			isa = XCBuildConfiguration;
			buildSettings = {
				ASSETCATALOG_COMPILER_APPICON_NAME = AppIcon;
				ASSETCATALOG_COMPILER_GLOBAL_ACCENT_COLOR_NAME = AccentColor;
				CODE_SIGN_STYLE = Automatic;
				CURRENT_PROJECT_VERSION = 1;
				DEVELOPMENT_ASSET_PATHS = "\"MovieMatcher/Preview Content\"";
				DEVELOPMENT_TEAM = 8W3WXR362E;
				ENABLE_PREVIEWS = YES;
				GENERATE_INFOPLIST_FILE = YES;
				INFOPLIST_KEY_UIApplicationSceneManifest_Generation = YES;
				INFOPLIST_KEY_UIApplicationSupportsIndirectInputEvents = YES;
				INFOPLIST_KEY_UILaunchScreen_Generation = YES;
				INFOPLIST_KEY_UISupportedInterfaceOrientations_iPad = "UIInterfaceOrientationPortrait UIInterfaceOrientationPortraitUpsideDown UIInterfaceOrientationLandscapeLeft UIInterfaceOrientationLandscapeRight";
				INFOPLIST_KEY_UISupportedInterfaceOrientations_iPhone = "UIInterfaceOrientationPortrait UIInterfaceOrientationLandscapeLeft UIInterfaceOrientationLandscapeRight";
				LD_RUNPATH_SEARCH_PATHS = (
					"$(inherited)",
					"@executable_path/Frameworks",
				);
				MARKETING_VERSION = 1.0;
				PRODUCT_BUNDLE_IDENTIFIER = com.JRApps.MovieMatcher;
				PRODUCT_NAME = "$(TARGET_NAME)";
				SWIFT_EMIT_LOC_STRINGS = YES;
				SWIFT_VERSION = 5.0;
				TARGETED_DEVICE_FAMILY = "1,2";
			};
			name = Release;
		};
/* End XCBuildConfiguration section */

/* Begin XCConfigurationList section */
		F2BAA30A297CB10D0074F1AC /* Build configuration list for PBXProject "MovieMatcher" */ = {
			isa = XCConfigurationList;
			buildConfigurations = (
				F2BAA31B297CB10F0074F1AC /* Debug */,
				F2BAA31C297CB10F0074F1AC /* Release */,
			);
			defaultConfigurationIsVisible = 0;
			defaultConfigurationName = Release;
		};
		F2BAA31D297CB10F0074F1AC /* Build configuration list for PBXNativeTarget "MovieMatcher" */ = {
			isa = XCConfigurationList;
			buildConfigurations = (
				F2BAA31E297CB10F0074F1AC /* Debug */,
				F2BAA31F297CB10F0074F1AC /* Release */,
			);
			defaultConfigurationIsVisible = 0;
			defaultConfigurationName = Release;
		};
/* End XCConfigurationList section */
	};
	rootObject = F2BAA307297CB10D0074F1AC /* Project object */;
}
